
Microsoft Visual Studio Solution File, Format Version 12.00
# Visual Studio 15
VisualStudioVersion = 15.0.28307.421
MinimumVisualStudioVersion = 10.0.40219.1
Project("{FAE04EC0-301F-11D3-BF4B-00C04F79EFBC}") = "CSharpLibrary", "CSharpLibrary\CSharpLibrary.csproj", "{6BDED4D7-D523-45B7-AB6B-459DE142F8AA}"
EndProject
Project("{FAE04EC0-301F-11D3-BF4B-00C04F79EFBC}") = "LibFileManagement", "FileManagement\LibFileManagement.csproj", "{41BA53C7-08C7-44B0-A4B9-EBD577435E88}"
EndProject
Global
	GlobalSection(SolutionConfigurationPlatforms) = preSolution
		Debug|Any CPU = Debug|Any CPU
		Release|Any CPU = Release|Any CPU
	EndGlobalSection
	GlobalSection(ProjectConfigurationPlatforms) = postSolution
		{6BDED4D7-D523-45B7-AB6B-459DE142F8AA}.Debug|Any CPU.ActiveCfg = Debug|Any CPU
		{6BDED4D7-D523-45B7-AB6B-459DE142F8AA}.Debug|Any CPU.Build.0 = Debug|Any CPU
		{6BDED4D7-D523-45B7-AB6B-459DE142F8AA}.Release|Any CPU.ActiveCfg = Release|Any CPU
		{6BDED4D7-D523-45B7-AB6B-459DE142F8AA}.Release|Any CPU.Build.0 = Release|Any CPU
		{41BA53C7-08C7-44B0-A4B9-EBD577435E88}.Debug|Any CPU.ActiveCfg = Debug|Any CPU
		{41BA53C7-08C7-44B0-A4B9-EBD577435E88}.Debug|Any CPU.Build.0 = Debug|Any CPU
		{41BA53C7-08C7-44B0-A4B9-EBD577435E88}.Release|Any CPU.ActiveCfg = Release|Any CPU
		{41BA53C7-08C7-44B0-A4B9-EBD577435E88}.Release|Any CPU.Build.0 = Release|Any CPU
	EndGlobalSection
	GlobalSection(SolutionProperties) = preSolution
		HideSolutionNode = FALSE
	EndGlobalSection
	GlobalSection(ExtensibilityGlobals) = postSolution
		SolutionGuid = {FE77E1B8-4087-4AD5-B01C-254E5AB858EB}
	EndGlobalSection
EndGlobal
